
Microsoft Visual Studio Solution File, Format Version 12.00
# Visual Studio 15
VisualStudioVersion = 15.0.27004.2006
MinimumVisualStudioVersion = 10.0.40219.1
Project("{FAE04EC0-301F-11D3-BF4B-00C04F79EFBC}") = "Zeus", "Zeus\Zeus.csproj", "{E4043A4D-64A9-417E-8EA1-7D7DBB22E43E}"
EndProject
Global
	GlobalSection(SolutionConfigurationPlatforms) = preSolution
		Debug|Any CPU = Debug|Any CPU
		Release|Any CPU = Release|Any CPU
	EndGlobalSection
	GlobalSection(ProjectConfigurationPlatforms) = postSolution
		{E4043A4D-64A9-417E-8EA1-7D7DBB22E43E}.Debug|Any CPU.ActiveCfg = Debug|Any CPU
		{E4043A4D-64A9-417E-8EA1-7D7DBB22E43E}.Debug|Any CPU.Build.0 = Debug|Any CPU
		{E4043A4D-64A9-417E-8EA1-7D7DBB22E43E}.Release|Any CPU.ActiveCfg = Release|Any CPU
		{E4043A4D-64A9-417E-8EA1-7D7DBB22E43E}.Release|Any CPU.Build.0 = Release|Any CPU
	EndGlobalSection
	GlobalSection(SolutionProperties) = preSolution
		HideSolutionNode = FALSE
	EndGlobalSection
	GlobalSection(ExtensibilityGlobals) = postSolution
		SolutionGuid = {589548AC-4A9F-49C8-BA42-9FF418CECE33}
	EndGlobalSection
EndGlobal
